
Microsoft Visual Studio Solution File, Format Version 12.00
# Visual Studio Version 17
VisualStudioVersion = 17.2.32519.379
MinimumVisualStudioVersion = 10.0.40219.1
Project("{FAE04EC0-301F-11D3-BF4B-00C04F79EFBC}") = "PAYONEER", "PAYONEER.csproj", "{590748BE-C1C9-4321-99CA-E937C411C9B9}"
EndProject
Global
	GlobalSection(SolutionConfigurationPlatforms) = preSolution
		Debug|Any CPU = Debug|Any CPU
		Release|Any CPU = Release|Any CPU
	EndGlobalSection
	GlobalSection(ProjectConfigurationPlatforms) = postSolution
		{590748BE-C1C9-4321-99CA-E937C411C9B9}.Debug|Any CPU.ActiveCfg = Debug|Any CPU
		{590748BE-C1C9-4321-99CA-E937C411C9B9}.Debug|Any CPU.Build.0 = Debug|Any CPU
		{590748BE-C1C9-4321-99CA-E937C411C9B9}.Release|Any CPU.ActiveCfg = Release|Any CPU
		{590748BE-C1C9-4321-99CA-E937C411C9B9}.Release|Any CPU.Build.0 = Release|Any CPU
	EndGlobalSection
	GlobalSection(SolutionProperties) = preSolution
		HideSolutionNode = FALSE
	EndGlobalSection
	GlobalSection(ExtensibilityGlobals) = postSolution
		SolutionGuid = {594FDC6F-A1A6-4735-BA99-A4382FA94C62}
	EndGlobalSection
EndGlobal
